{
  "originHash" : "6bd1417c3ec2d8f44f5212e506b0be51333bfc8e984a1b61032236b05a4fd978",
  "pins" : [
    {
      "identity" : "swift-argument-parser",
      "kind" : "remoteSourceControl",
      "location" : "https://github.com/apple/swift-argument-parser.git",
      "state" : {
        "revision" : "ca37474853a4b5f59a22c74bfdd449b1f6bc4cc2",
        "version" : "1.8.1"
      }
    }
  ],
  "version" : 3
}
